
Microsoft Visual Studio Solution File, Format Version 12.00
# Visual Studio Version 16
VisualStudioVersion = 16.0.30907.101
MinimumVisualStudioVersion = 10.0.40219.1
Project("{FAE04EC0-301F-11D3-BF4B-00C04F79EFBC}") = "EFCoreTutorials", "EFCoreTutorials.csproj", "{59063812-1E43-4AAD-AE29-50921BFCF0BE}"
EndProject
Global
	GlobalSection(SolutionConfigurationPlatforms) = preSolution
		Debug|Any CPU = Debug|Any CPU
		Release|Any CPU = Release|Any CPU
	EndGlobalSection
	GlobalSection(ProjectConfigurationPlatforms) = postSolution
		{59063812-1E43-4AAD-AE29-50921BFCF0BE}.Debug|Any CPU.ActiveCfg = Debug|Any CPU
		{59063812-1E43-4AAD-AE29-50921BFCF0BE}.Debug|Any CPU.Build.0 = Debug|Any CPU
		{59063812-1E43-4AAD-AE29-50921BFCF0BE}.Release|Any CPU.ActiveCfg = Release|Any CPU
		{59063812-1E43-4AAD-AE29-50921BFCF0BE}.Release|Any CPU.Build.0 = Release|Any CPU
	EndGlobalSection
	GlobalSection(SolutionProperties) = preSolution
		HideSolutionNode = FALSE
	EndGlobalSection
	GlobalSection(ExtensibilityGlobals) = postSolution
		SolutionGuid = {05E301E3-0C77-4508-B7BB-97E2D2D8CC2D}
	EndGlobalSection
EndGlobal
